// !$*UTF8*$!
{
	archiveVersion = 1;
	classes = {
	};
	objectVersion = 48;
	objects = {

/* Begin PBXBuildFile section */
		3921B70B1FBCADEB0013484F /* AppDelegate.swift in Sources */ = {isa = PBXBuildFile; fileRef = 3921B70A1FBCADEB0013484F /* AppDelegate.swift */; };
		3921B70D1FBCADEB0013484F /* ViewController.swift in Sources */ = {isa = PBXBuildFile; fileRef = 3921B70C1FBCADEB0013484F /* ViewController.swift */; };
		3921B7101FBCADEB0013484F /* Main.storyboard in Resources */ = {isa = PBXBuildFile; fileRef = 3921B70E1FBCADEB0013484F /* Main.storyboard */; };
		3921B7121FBCADEB0013484F /* Assets.xcassets in Resources */ = {isa = PBXBuildFile; fileRef = 3921B7111FBCADEB0013484F /* Assets.xcassets */; };
		3921B7151FBCADEB0013484F /* LaunchScreen.storyboard in Resources */ = {isa = PBXBuildFile; fileRef = 3921B7131FBCADEB0013484F /* LaunchScreen.storyboard */; };
		3921B7211FBCB2CD0013484F /* Default-568h@2x.png in Resources */ = {isa = PBXBuildFile; fileRef = 3921B7201FBCB2CD0013484F /* Default-568h@2x.png */; };
/* End PBXBuildFile section */

/* Begin PBXFileReference section */
		3921B7071FBCADEB0013484F /* Swifty Words.app */ = {isa = PBXFileReference; explicitFileType = wrapper.application; includeInIndex = 0; path = "Swifty Words.app"; sourceTree = BUILT_PRODUCTS_DIR; };
		3921B70A1FBCADEB0013484F /* AppDelegate.swift */ = {isa = PBXFileReference; lastKnownFileType = sourcecode.swift; path = AppDelegate.swift; sourceTree = "<group>"; };
		3921B70C1FBCADEB0013484F /* ViewController.swift */ = {isa = PBXFileReference; lastKnownFileType = sourcecode.swift; path = ViewController.swift; sourceTree = "<group>"; };
		3921B70F1FBCADEB0013484F /* Base */ = {isa = PBXFileReference; lastKnownFileType = file.storyboard; name = Base; path = Base.lproj/Main.storyboard; sourceTree = "<group>"; };
		3921B7111FBCADEB0013484F /* Assets.xcassets */ = {isa = PBXFileReference; lastKnownFileType = folder.assetcatalog; path = Assets.xcassets; sourceTree = "<group>"; };
		3921B7141FBCADEB0013484F /* Base */ = {isa = PBXFileReference; lastKnownFileType = file.storyboard; name = Base; path = Base.lproj/LaunchScreen.storyboard; sourceTree = "<group>"; };
		3921B7161FBCADEB0013484F /* Info.plist */ = {isa = PBXFileReference; lastKnownFileType = text.plist.xml; path = Info.plist; sourceTree = "<group>"; };
		3921B71C1FBCB0580013484F /* README.md */ = {isa = PBXFileReference; lastKnownFileType = net.daringfireball.markdown; path = README.md; sourceTree = "<group>"; };
		3921B7201FBCB2CD0013484F /* Default-568h@2x.png */ = {isa = PBXFileReference; lastKnownFileType = image.png; path = "Default-568h@2x.png"; sourceTree = "<group>"; };
/* End PBXFileReference section */

/* Begin PBXFrameworksBuildPhase section */
		3921B7041FBCADEB0013484F /* Frameworks */ = {
			isa = PBXFrameworksBuildPhase;
			buildActionMask = 2147483647;
			files = (
			);
			runOnlyForDeploymentPostprocessing = 0;
		};
/* End PBXFrameworksBuildPhase section */

/* Begin PBXGroup section */
		3921B6FE1FBCADEB0013484F = {
			isa = PBXGroup;
			children = (
				3921B7201FBCB2CD0013484F /* Default-568h@2x.png */,
				3921B71F1FBCB2B50013484F /* View */,
				3921B71E1FBCB2A60013484F /* Controllers */,
				3921B7091FBCADEB0013484F /* Swifty Words */,
				3921B7081FBCADEB0013484F /* Products */,
				3921B71D1FBCB2820013484F /* Supporting Files */,
			);
			sourceTree = "<group>";
		};
		3921B7081FBCADEB0013484F /* Products */ = {
			isa = PBXGroup;
			children = (
				3921B7071FBCADEB0013484F /* Swifty Words.app */,
			);
			name = Products;
			sourceTree = "<group>";
		};
		3921B7091FBCADEB0013484F /* Swifty Words */ = {
			isa = PBXGroup;
			children = (
			);
			path = "Swifty Words";
			sourceTree = "<group>";
		};
		3921B71D1FBCB2820013484F /* Supporting Files */ = {
			isa = PBXGroup;
			children = (
				3921B71C1FBCB0580013484F /* README.md */,
				3921B70A1FBCADEB0013484F /* AppDelegate.swift */,
				3921B7111FBCADEB0013484F /* Assets.xcassets */,
				3921B7131FBCADEB0013484F /* LaunchScreen.storyboard */,
				3921B7161FBCADEB0013484F /* Info.plist */,
			);
			path = "Supporting Files";
			sourceTree = "<group>";
		};
		3921B71E1FBCB2A60013484F /* Controllers */ = {
			isa = PBXGroup;
			children = (
				3921B70C1FBCADEB0013484F /* ViewController.swift */,
			);
			path = Controllers;
			sourceTree = "<group>";
		};
		3921B71F1FBCB2B50013484F /* View */ = {
			isa = PBXGroup;
			children = (
				3921B70E1FBCADEB0013484F /* Main.storyboard */,
			);
			path = View;
			sourceTree = "<group>";
		};
/* End PBXGroup section */

/* Begin PBXNativeTarget section */
		3921B7061FBCADEB0013484F /* Swifty Words */ = {
			isa = PBXNativeTarget;
			buildConfigurationList = 3921B7191FBCADEB0013484F /* Build configuration list for PBXNativeTarget "Swifty Words" */;
			buildPhases = (
				3921B7031FBCADEB0013484F /* Sources */,
				3921B7041FBCADEB0013484F /* Frameworks */,
				3921B7051FBCADEB0013484F /* Resources */,
			);
			buildRules = (
			);
			dependencies = (
			);
			name = "Swifty Words";
			productName = "Swifty Words";
			productReference = 3921B7071FBCADEB0013484F /* Swifty Words.app */;
			productType = "com.apple.product-type.application";
		};
/* End PBXNativeTarget section */

/* Begin PBXProject section */
		3921B6FF1FBCADEB0013484F /* Project object */ = {
			isa = PBXProject;
			attributes = {
				LastSwiftUpdateCheck = 0900;
				LastUpgradeCheck = 0900;
				ORGANIZATIONNAME = "Mirza Durakovic";
				TargetAttributes = {
					3921B7061FBCADEB0013484F = {
						CreatedOnToolsVersion = 9.0.1;
						ProvisioningStyle = Automatic;
					};
				};
			};
			buildConfigurationList = 3921B7021FBCADEB0013484F /* Build configuration list for PBXProject "Swifty Words" */;
			compatibilityVersion = "Xcode 8.0";
			developmentRegion = en;
			hasScannedForEncodings = 0;
			knownRegions = (
				en,
				Base,
			);
			mainGroup = 3921B6FE1FBCADEB0013484F;
			productRefGroup = 3921B7081FBCADEB0013484F /* Products */;
			projectDirPath = "";
			projectRoot = "";
			targets = (
				3921B7061FBCADEB0013484F /* Swifty Words */,
			);
		};
/* End PBXProject section */

/* Begin PBXResourcesBuildPhase section */
		3921B7051FBCADEB0013484F /* Resources */ = {
			isa = PBXResourcesBuildPhase;
			buildActionMask = 2147483647;
			files = (
				3921B7151FBCADEB0013484F /* LaunchScreen.storyboard in Resources */,
				3921B7211FBCB2CD0013484F /* Default-568h@2x.png in Resources */,
				3921B7121FBCADEB0013484F /* Assets.xcassets in Resources */,
				3921B7101FBCADEB0013484F /* Main.storyboard in Resources */,
			);
			runOnlyForDeploymentPostprocessing = 0;
		};
/* End PBXResourcesBuildPhase section */

/* Begin PBXSourcesBuildPhase section */
		3921B7031FBCADEB0013484F /* Sources */ = {
			isa = PBXSourcesBuildPhase;
			buildActionMask = 2147483647;
			files = (
				3921B70D1FBCADEB0013484F /* ViewController.swift in Sources */,
				3921B70B1FBCADEB0013484F /* AppDelegate.swift in Sources */,
			);
			runOnlyForDeploymentPostprocessing = 0;
		};
/* End PBXSourcesBuildPhase section */

/* Begin PBXVariantGroup section */
		3921B70E1FBCADEB0013484F /* Main.storyboard */ = {
			isa = PBXVariantGroup;
			children = (
				3921B70F1FBCADEB0013484F /* Base */,
			);
			name = Main.storyboard;
			sourceTree = "<group>";
		};
		3921B7131FBCADEB0013484F /* LaunchScreen.storyboard */ = {
			isa = PBXVariantGroup;
			children = (
				3921B7141FBCADEB0013484F /* Base */,
			);
			name = LaunchScreen.storyboard;
			sourceTree = "<group>";
		};
/* End PBXVariantGroup section */

/* Begin XCBuildConfiguration section */
		3921B7171FBCADEB0013484F /* Debug */ = {
			isa = XCBuildConfiguration;
			buildSettings = {
				ALWAYS_SEARCH_USER_PATHS = NO;
				CLANG_ANALYZER_NONNULL = YES;
				CLANG_ANALYZER_NUMBER_OBJECT_CONVERSION = YES_AGGRESSIVE;
				CLANG_CXX_LANGUAGE_STANDARD = "gnu++14";
				CLANG_CXX_LIBRARY = "libc++";
				CLANG_ENABLE_MODULES = YES;
				CLANG_ENABLE_OBJC_ARC = YES;
				CLANG_WARN_BLOCK_CAPTURE_AUTORELEASING = YES;
				CLANG_WARN_BOOL_CONVERSION = YES;
				CLANG_WARN_COMMA = YES;
				CLANG_WARN_CONSTANT_CONVERSION = YES;
				CLANG_WARN_DIRECT_OBJC_ISA_USAGE = YES_ERROR;
				CLANG_WARN_DOCUMENTATION_COMMENTS = YES;
				CLANG_WARN_EMPTY_BODY = YES;
				CLANG_WARN_ENUM_CONVERSION = YES;
				CLANG_WARN_INFINITE_RECURSION = YES;
				CLANG_WARN_INT_CONVERSION = YES;
				CLANG_WARN_NON_LITERAL_NULL_CONVERSION = YES;
				CLANG_WARN_OBJC_LITERAL_CONVERSION = YES;
				CLANG_WARN_OBJC_ROOT_CLASS = YES_ERROR;
				CLANG_WARN_RANGE_LOOP_ANALYSIS = YES;
				CLANG_WARN_STRICT_PROTOTYPES = YES;
				CLANG_WARN_SUSPICIOUS_MOVE = YES;
				CLANG_WARN_UNGUARDED_AVAILABILITY = YES_AGGRESSIVE;
				CLANG_WARN_UNREACHABLE_CODE = YES;
				CLANG_WARN__DUPLICATE_METHOD_MATCH = YES;
				CODE_SIGN_IDENTITY = "iPhone Developer";
				COPY_PHASE_STRIP = NO;
				DEBUG_INFORMATION_FORMAT = dwarf;
				ENABLE_STRICT_OBJC_MSGSEND = YES;
				ENABLE_TESTABILITY = YES;
				GCC_C_LANGUAGE_STANDARD = gnu11;
				GCC_DYNAMIC_NO_PIC = NO;
				GCC_NO_COMMON_BLOCKS = YES;
				GCC_OPTIMIZATION_LEVEL = 0;
				GCC_PREPROCESSOR_DEFINITIONS = (
					"DEBUG=1",
					"$(inherited)",
				);
				GCC_WARN_64_TO_32_BIT_CONVERSION = YES;
				GCC_WARN_ABOUT_RETURN_TYPE = YES_ERROR;
				GCC_WARN_UNDECLARED_SELECTOR = YES;
				GCC_WARN_UNINITIALIZED_AUTOS = YES_AGGRESSIVE;
				GCC_WARN_UNUSED_FUNCTION = YES;
				GCC_WARN_UNUSED_VARIABLE = YES;
				IPHONEOS_DEPLOYMENT_TARGET = 11.0;
				MTL_ENABLE_DEBUG_INFO = YES;
				ONLY_ACTIVE_ARCH = YES;
				SDKROOT = iphoneos;
				SWIFT_ACTIVE_COMPILATION_CONDITIONS = DEBUG;
				SWIFT_OPTIMIZATION_LEVEL = "-Onone";
			};
			name = Debug;
		};
		3921B7181FBCADEB0013484F /* Release */ = {
			isa = XCBuildConfiguration;
			buildSettings = {
				ALWAYS_SEARCH_USER_PATHS = NO;
				CLANG_ANALYZER_NONNULL = YES;
				CLANG_ANALYZER_NUMBER_OBJECT_CONVERSION = YES_AGGRESSIVE;
				CLANG_CXX_LANGUAGE_STANDARD = "gnu++14";
				CLANG_CXX_LIBRARY = "libc++";
				CLANG_ENABLE_MODULES = YES;
				CLANG_ENABLE_OBJC_ARC = YES;
				CLANG_WARN_BLOCK_CAPTURE_AUTORELEASING = YES;
				CLANG_WARN_BOOL_CONVERSION = YES;
				CLANG_WARN_COMMA = YES;
				CLANG_WARN_CONSTANT_CONVERSION = YES;
				CLANG_WARN_DIRECT_OBJC_ISA_USAGE = YES_ERROR;
				CLANG_WARN_DOCUMENTATION_COMMENTS = YES;
				CLANG_WARN_EMPTY_BODY = YES;
				CLANG_WARN_ENUM_CONVERSION = YES;
				CLANG_WARN_INFINITE_RECURSION = YES;
				CLANG_WARN_INT_CONVERSION = YES;
				CLANG_WARN_NON_LITERAL_NULL_CONVERSION = YES;
				CLANG_WARN_OBJC_LITERAL_CONVERSION = YES;
				CLANG_WARN_OBJC_ROOT_CLASS = YES_ERROR;
				CLANG_WARN_RANGE_LOOP_ANALYSIS = YES;
				CLANG_WARN_STRICT_PROTOTYPES = YES;
				CLANG_WARN_SUSPICIOUS_MOVE = YES;
				CLANG_WARN_UNGUARDED_AVAILABILITY = YES_AGGRESSIVE;
				CLANG_WARN_UNREACHABLE_CODE = YES;
				CLANG_WARN__DUPLICATE_METHOD_MATCH = YES;
				CODE_SIGN_IDENTITY = "iPhone Developer";
				COPY_PHASE_STRIP = NO;
				DEBUG_INFORMATION_FORMAT = "dwarf-with-dsym";
				ENABLE_NS_ASSERTIONS = NO;
				ENABLE_STRICT_OBJC_MSGSEND = YES;
				GCC_C_LANGUAGE_STANDARD = gnu11;
				GCC_NO_COMMON_BLOCKS = YES;
				GCC_WARN_64_TO_32_BIT_CONVERSION = YES;
				GCC_WARN_ABOUT_RETURN_TYPE = YES_ERROR;
				GCC_WARN_UNDECLARED_SELECTOR = YES;
				GCC_WARN_UNINITIALIZED_AUTOS = YES_AGGRESSIVE;
				GCC_WARN_UNUSED_FUNCTION = YES;
				GCC_WARN_UNUSED_VARIABLE = YES;
				IPHONEOS_DEPLOYMENT_TARGET = 11.0;
				MTL_ENABLE_DEBUG_INFO = NO;
				SDKROOT = iphoneos;
				SWIFT_OPTIMIZATION_LEVEL = "-Owholemodule";
				VALIDATE_PRODUCT = YES;
			};
			name = Release;
		};
		3921B71A1FBCADEB0013484F /* Debug */ = {
			isa = XCBuildConfiguration;
			buildSettings = {
				ASSETCATALOG_COMPILER_APPICON_NAME = AppIcon;
				CODE_SIGN_STYLE = Automatic;
				DEVELOPMENT_TEAM = DFM9S4KWXR;
				INFOPLIST_FILE = "Swifty Words/Info.plist";
				LD_RUNPATH_SEARCH_PATHS = "$(inherited) @executable_path/Frameworks";
				PRODUCT_BUNDLE_IDENTIFIER = "mirza.durakovic.com.spark.Swifty-Words";
				PRODUCT_NAME = "$(TARGET_NAME)";
				SWIFT_VERSION = 4.0;
				TARGETED_DEVICE_FAMILY = "1,2";
			};
			name = Debug;
		};
		3921B71B1FBCADEB0013484F /* Release */ = {
			isa = XCBuildConfiguration;
			buildSettings = {
				ASSETCATALOG_COMPILER_APPICON_NAME = AppIcon;
				CODE_SIGN_STYLE = Automatic;
				DEVELOPMENT_TEAM = DFM9S4KWXR;
				INFOPLIST_FILE = "Swifty Words/Info.plist";
				LD_RUNPATH_SEARCH_PATHS = "$(inherited) @executable_path/Frameworks";
				PRODUCT_BUNDLE_IDENTIFIER = "mirza.durakovic.com.spark.Swifty-Words";
				PRODUCT_NAME = "$(TARGET_NAME)";
				SWIFT_VERSION = 4.0;
				TARGETED_DEVICE_FAMILY = "1,2";
			};
			name = Release;
		};
/* End XCBuildConfiguration section */

/* Begin XCConfigurationList section */
		3921B7021FBCADEB0013484F /* Build configuration list for PBXProject "Swifty Words" */ = {
			isa = XCConfigurationList;
			buildConfigurations = (
				3921B7171FBCADEB0013484F /* Debug */,
				3921B7181FBCADEB0013484F /* Release */,
			);
			defaultConfigurationIsVisible = 0;
			defaultConfigurationName = Release;
		};
		3921B7191FBCADEB0013484F /* Build configuration list for PBXNativeTarget "Swifty Words" */ = {
			isa = XCConfigurationList;
			buildConfigurations = (
				3921B71A1FBCADEB0013484F /* Debug */,
				3921B71B1FBCADEB0013484F /* Release */,
			);
			defaultConfigurationIsVisible = 0;
			defaultConfigurationName = Release;
		};
/* End XCConfigurationList section */
	};
	rootObject = 3921B6FF1FBCADEB0013484F /* Project object */;
}
